
Microsoft Visual Studio Solution File, Format Version 12.00
# Visual Studio Version 17
VisualStudioVersion = 17.14.36518.9 d17.14
MinimumVisualStudioVersion = 10.0.40219.1
Project("{FAE04EC0-301F-11D3-BF4B-00C04F79EFBC}") = "ApiTestProject", "ApiTestProject\ApiTestProject.csproj", "{DB48A4CA-F75B-4BF7-8800-3C7D1C72B1F6}"
EndProject
Global
	GlobalSection(SolutionConfigurationPlatforms) = preSolution
		Debug|Any CPU = Debug|Any CPU
		Release|Any CPU = Release|Any CPU
	EndGlobalSection
	GlobalSection(ProjectConfigurationPlatforms) = postSolution
		{DB48A4CA-F75B-4BF7-8800-3C7D1C72B1F6}.Debug|Any CPU.ActiveCfg = Debug|Any CPU
		{DB48A4CA-F75B-4BF7-8800-3C7D1C72B1F6}.Debug|Any CPU.Build.0 = Debug|Any CPU
		{DB48A4CA-F75B-4BF7-8800-3C7D1C72B1F6}.Release|Any CPU.ActiveCfg = Release|Any CPU
		{DB48A4CA-F75B-4BF7-8800-3C7D1C72B1F6}.Release|Any CPU.Build.0 = Release|Any CPU
	EndGlobalSection
	GlobalSection(SolutionProperties) = preSolution
		HideSolutionNode = FALSE
	EndGlobalSection
	GlobalSection(ExtensibilityGlobals) = postSolution
		SolutionGuid = {FB63EBF6-8AF4-48E4-A4D0-A7ED6875A7B6}
	EndGlobalSection
EndGlobal
